dependencies:
- name: redis
  repository: https://charts.bitnami.com/bitnami
  version: 16.12.3
- name: postgresql
  repository: https://charts.bitnami.com/bitnami
  version: 11.6.8
- name: opensearch
  repository: https://opensearch-project.github.io/helm-charts/
  version: 1.6.0
digest: sha256:240ae90931959d11fd8af5a0cf70f430f80203e4d9b3eb845fbc57f4dea3735f
generated: "2022-06-24T18:29:21.826634013-04:00"
